
Microsoft Visual Studio Solution File, Format Version 12.00
# Visual Studio Version 17
VisualStudioVersion = 17.11.35327.3
MinimumVisualStudioVersion = 10.0.40219.1
Project("{FAE04EC0-301F-11D3-BF4B-00C04F79EFBC}") = "WpfApp1", "WpfApp1\WpfApp1.csproj", "{7EA02BC2-ADD6-4291-9ED2-3DC4A3E78B18}"
EndProject
Global
	GlobalSection(SolutionConfigurationPlatforms) = preSolution
		Debug|Any CPU = Debug|Any CPU
		Release|Any CPU = Release|Any CPU
	EndGlobalSection
	GlobalSection(ProjectConfigurationPlatforms) = postSolution
		{7EA02BC2-ADD6-4291-9ED2-3DC4A3E78B18}.Debug|Any CPU.ActiveCfg = Debug|Any CPU
		{7EA02BC2-ADD6-4291-9ED2-3DC4A3E78B18}.Debug|Any CPU.Build.0 = Debug|Any CPU
		{7EA02BC2-ADD6-4291-9ED2-3DC4A3E78B18}.Release|Any CPU.ActiveCfg = Release|Any CPU
		{7EA02BC2-ADD6-4291-9ED2-3DC4A3E78B18}.Release|Any CPU.Build.0 = Release|Any CPU
	EndGlobalSection
	GlobalSection(SolutionProperties) = preSolution
		HideSolutionNode = FALSE
	EndGlobalSection
	GlobalSection(ExtensibilityGlobals) = postSolution
		SolutionGuid = {F8EF81E1-8A23-464B-971F-90E9946F6FD6}
	EndGlobalSection
EndGlobal
